
Microsoft Visual Studio Solution File, Format Version 12.00
# Visual Studio Version 18
VisualStudioVersion = 18.5.11723.231 stable
MinimumVisualStudioVersion = 10.0.40219.1
Project("{FAE04EC0-301F-11D3-BF4B-00C04F79EFBC}") = "taskup-backend", "taskup-backend.csproj", "{D67ABC91-6DE3-F537-59C1-A636E5816F51}"
EndProject
Global
	GlobalSection(SolutionConfigurationPlatforms) = preSolution
		Debug|Any CPU = Debug|Any CPU
		Release|Any CPU = Release|Any CPU
	EndGlobalSection
	GlobalSection(ProjectConfigurationPlatforms) = postSolution
		{D67ABC91-6DE3-F537-59C1-A636E5816F51}.Debug|Any CPU.ActiveCfg = Debug|Any CPU
		{D67ABC91-6DE3-F537-59C1-A636E5816F51}.Debug|Any CPU.Build.0 = Debug|Any CPU
		{D67ABC91-6DE3-F537-59C1-A636E5816F51}.Release|Any CPU.ActiveCfg = Release|Any CPU
		{D67ABC91-6DE3-F537-59C1-A636E5816F51}.Release|Any CPU.Build.0 = Release|Any CPU
	EndGlobalSection
	GlobalSection(SolutionProperties) = preSolution
		HideSolutionNode = FALSE
	EndGlobalSection
	GlobalSection(ExtensibilityGlobals) = postSolution
		SolutionGuid = {99BC0A2F-A313-47E6-AA38-DF66F6D7CDDD}
	EndGlobalSection
EndGlobal
